
Microsoft Visual Studio Solution File, Format Version 12.00
# Visual Studio 15
Project("{FAE04EC0-301F-11D3-BF4B-00C04F79EFBC}") = "Assembly-CSharp", "Assembly-CSharp.csproj", "{F6ED1641-CAD2-170A-FF34-93741E5B51D4}"
EndProject
Project("{FAE04EC0-301F-11D3-BF4B-00C04F79EFBC}") = "Assembly-CSharp-Editor", "Assembly-CSharp-Editor.csproj", "{65CCF464-858D-FB7A-ECFB-0695A6CC3629}"
EndProject
Global
	GlobalSection(SolutionConfigurationPlatforms) = preSolution
		Debug|Any CPU = Debug|Any CPU
		Release|Any CPU = Release|Any CPU
	EndGlobalSection
	GlobalSection(ProjectConfigurationPlatforms) = postSolution
		{F6ED1641-CAD2-170A-FF34-93741E5B51D4}.Debug|Any CPU.ActiveCfg = Debug|Any CPU
		{F6ED1641-CAD2-170A-FF34-93741E5B51D4}.Debug|Any CPU.Build.0 = Debug|Any CPU
		{F6ED1641-CAD2-170A-FF34-93741E5B51D4}.Release|Any CPU.ActiveCfg = Release|Any CPU
		{F6ED1641-CAD2-170A-FF34-93741E5B51D4}.Release|Any CPU.Build.0 = Release|Any CPU
		{65CCF464-858D-FB7A-ECFB-0695A6CC3629}.Debug|Any CPU.ActiveCfg = Debug|Any CPU
		{65CCF464-858D-FB7A-ECFB-0695A6CC3629}.Debug|Any CPU.Build.0 = Debug|Any CPU
		{65CCF464-858D-FB7A-ECFB-0695A6CC3629}.Release|Any CPU.ActiveCfg = Release|Any CPU
		{65CCF464-858D-FB7A-ECFB-0695A6CC3629}.Release|Any CPU.Build.0 = Release|Any CPU
	EndGlobalSection
	GlobalSection(SolutionProperties) = preSolution
		HideSolutionNode = FALSE
	EndGlobalSection
EndGlobal
