
Microsoft Visual Studio Solution File, Format Version 12.00
# Visual Studio 15
Project("{FAE04EC0-301F-11D3-BF4B-00C04F79EFBC}") = "Assembly-CSharp", "Assembly-CSharp.csproj", "{182C5A39-810A-665C-A04A-04C7FE2D76E8}"
EndProject
Project("{FAE04EC0-301F-11D3-BF4B-00C04F79EFBC}") = "Assembly-CSharp-Editor", "Assembly-CSharp-Editor.csproj", "{A3383EDC-88F2-240A-78D3-7921E805BC43}"
EndProject
Global
	GlobalSection(SolutionConfigurationPlatforms) = preSolution
		Debug|Any CPU = Debug|Any CPU
		Release|Any CPU = Release|Any CPU
	EndGlobalSection
	GlobalSection(ProjectConfigurationPlatforms) = postSolution
		{182C5A39-810A-665C-A04A-04C7FE2D76E8}.Debug|Any CPU.ActiveCfg = Debug|Any CPU
		{182C5A39-810A-665C-A04A-04C7FE2D76E8}.Debug|Any CPU.Build.0 = Debug|Any CPU
		{182C5A39-810A-665C-A04A-04C7FE2D76E8}.Release|Any CPU.ActiveCfg = Release|Any CPU
		{182C5A39-810A-665C-A04A-04C7FE2D76E8}.Release|Any CPU.Build.0 = Release|Any CPU
		{A3383EDC-88F2-240A-78D3-7921E805BC43}.Debug|Any CPU.ActiveCfg = Debug|Any CPU
		{A3383EDC-88F2-240A-78D3-7921E805BC43}.Debug|Any CPU.Build.0 = Debug|Any CPU
		{A3383EDC-88F2-240A-78D3-7921E805BC43}.Release|Any CPU.ActiveCfg = Release|Any CPU
		{A3383EDC-88F2-240A-78D3-7921E805BC43}.Release|Any CPU.Build.0 = Release|Any CPU
	EndGlobalSection
	GlobalSection(SolutionProperties) = preSolution
		HideSolutionNode = FALSE
	EndGlobalSection
EndGlobal
